
Microsoft Visual Studio Solution File, Format Version 12.00
Project("{FAE04EC0-301F-11D3-BF4B-00C04F79EFBC}") = "ChatbotBuilderApi", "ChatbotBuilderApi\ChatbotBuilderApi.csproj", "{0E51B7B8-D899-4915-A8EC-3C2648B68BAD}"
EndProject
Project("{FAE04EC0-301F-11D3-BF4B-00C04F79EFBC}") = "ChatbotBuilderApi.Domain", "ChatbotBuilderApi.Domain\ChatbotBuilderApi.Domain.csproj", "{7D0F07E7-FF3C-4E96-B103-C01285F60A31}"
EndProject
Global
	GlobalSection(SolutionConfigurationPlatforms) = preSolution
		Debug|Any CPU = Debug|Any CPU
		Release|Any CPU = Release|Any CPU
	EndGlobalSection
	GlobalSection(ProjectConfigurationPlatforms) = postSolution
		{0E51B7B8-D899-4915-A8EC-3C2648B68BAD}.Debug|Any CPU.ActiveCfg = Debug|Any CPU
		{0E51B7B8-D899-4915-A8EC-3C2648B68BAD}.Debug|Any CPU.Build.0 = Debug|Any CPU
		{0E51B7B8-D899-4915-A8EC-3C2648B68BAD}.Release|Any CPU.ActiveCfg = Release|Any CPU
		{0E51B7B8-D899-4915-A8EC-3C2648B68BAD}.Release|Any CPU.Build.0 = Release|Any CPU
		{7D0F07E7-FF3C-4E96-B103-C01285F60A31}.Debug|Any CPU.ActiveCfg = Debug|Any CPU
		{7D0F07E7-FF3C-4E96-B103-C01285F60A31}.Debug|Any CPU.Build.0 = Debug|Any CPU
		{7D0F07E7-FF3C-4E96-B103-C01285F60A31}.Release|Any CPU.ActiveCfg = Release|Any CPU
		{7D0F07E7-FF3C-4E96-B103-C01285F60A31}.Release|Any CPU.Build.0 = Release|Any CPU
	EndGlobalSection
EndGlobal
